{
  "version": 4,
  "terraform_version": "0.12.9",
  "serial": 80,
  "lineage": "4e4b3c58-cf29-2247-6b5e-fe6016bfee14",
  "outputs": {
    "app_external_ip": {
      "value": "",
      "type": "string"
    },
    "storage-bucket_url": {
      "value": "gs://nostromo-storage-bucket",
      "type": "string"
    }
  },
  "resources": [
    {
      "module": "module.app",
      "mode": "managed",
      "type": "google_compute_address",
      "name": "app_ip",
      "provider": "provider.google",
      "instances": [
        {
          "schema_version": 0,
          "attributes": {
            "address": "34.76.104.20",
            "address_type": "EXTERNAL",
            "creation_timestamp": "2019-10-05T06:25:33.942-07:00",
            "description": "",
            "id": "nostromo-253518/europe-west1/reddit-app-ip",
            "name": "reddit-app-ip",
            "network_tier": "PREMIUM",
            "project": "nostromo-253518",
            "purpose": "",
            "region": "europe-west1",
            "self_link": "https://www.googleapis.com/compute/v1/projects/nostromo-253518/regions/europe-west1/addresses/reddit-app-ip",
            "subnetwork": "",
            "timeouts": null,
            "users": []
          },
          "private": "eyJlMmJmYjczMC1lY2FhLTExZTYtOGY4OC0zNDM2M2JjN2M0YzAiOnsiY3JlYXRlIjoyNDAwMDAwMDAwMDAsImRlbGV0ZSI6MjQwMDAwMDAwMDAwfX0="
        }
      ]
    },
    {
      "module": "module.db",
      "mode": "managed",
      "type": "google_compute_firewall",
      "name": "firewall_mongo",
      "provider": "provider.google",
      "instances": [
        {
          "schema_version": 1,
          "attributes": {
            "allow": [
              {
                "ports": [
                  "27017"
                ],
                "protocol": "tcp"
              }
            ],
            "creation_timestamp": "2019-10-05T06:25:33.874-07:00",
            "deny": [],
            "description": "",
            "destination_ranges": [],
            "direction": "INGRESS",
            "disabled": false,
            "id": "allow-mongo-default",
            "name": "allow-mongo-default",
            "network": "https://www.googleapis.com/compute/v1/projects/nostromo-253518/global/networks/default",
            "priority": 1000,
            "project": "nostromo-253518",
            "self_link": "https://www.googleapis.com/compute/v1/projects/nostromo-253518/global/firewalls/allow-mongo-default",
            "source_ranges": [],
            "source_service_accounts": null,
            "source_tags": [
              "reddit-app"
            ],
            "target_service_accounts": null,
            "target_tags": [
              "reddit-db"
            ],
            "timeouts": null
          },
          "private": "eyJlMmJmYjczMC1lY2FhLTExZTYtOGY4OC0zNDM2M2JjN2M0YzAiOnsiY3JlYXRlIjoyNDAwMDAwMDAwMDAsImRlbGV0ZSI6MjQwMDAwMDAwMDAwLCJ1cGRhdGUiOjI0MDAwMDAwMDAwMH0sInNjaGVtYV92ZXJzaW9uIjoiMSJ9"
        }
      ]
    },
    {
      "module": "module.app",
      "mode": "managed",
      "type": "google_compute_firewall",
      "name": "firewall_puma",
      "provider": "provider.google",
      "instances": [
        {
          "schema_version": 1,
          "attributes": {
            "allow": [
              {
                "ports": [
                  "9292"
                ],
                "protocol": "tcp"
              }
            ],
            "creation_timestamp": "2019-10-05T06:25:34.199-07:00",
            "deny": [],
            "description": "",
            "destination_ranges": [],
            "direction": "INGRESS",
            "disabled": false,
            "id": "allow-puma-default",
            "name": "allow-puma-default",
            "network": "https://www.googleapis.com/compute/v1/projects/nostromo-253518/global/networks/default",
            "priority": 1000,
            "project": "nostromo-253518",
            "self_link": "https://www.googleapis.com/compute/v1/projects/nostromo-253518/global/firewalls/allow-puma-default",
            "source_ranges": [
              "0.0.0.0/0"
            ],
            "source_service_accounts": null,
            "source_tags": null,
            "target_service_accounts": null,
            "target_tags": [
              "reddit-app"
            ],
            "timeouts": null
          },
          "private": "eyJlMmJmYjczMC1lY2FhLTExZTYtOGY4OC0zNDM2M2JjN2M0YzAiOnsiY3JlYXRlIjoyNDAwMDAwMDAwMDAsImRlbGV0ZSI6MjQwMDAwMDAwMDAwLCJ1cGRhdGUiOjI0MDAwMDAwMDAwMH0sInNjaGVtYV92ZXJzaW9uIjoiMSJ9"
        }
      ]
    },
    {
      "module": "module.vpc",
      "mode": "managed",
      "type": "google_compute_firewall",
      "name": "firewall_ssh",
      "provider": "provider.google",
      "instances": [
        {
          "schema_version": 1,
          "attributes": {
            "allow": [
              {
                "ports": [
                  "22"
                ],
                "protocol": "tcp"
              }
            ],
            "creation_timestamp": "2019-10-05T06:25:34.207-07:00",
            "deny": [],
            "description": "",
            "destination_ranges": [],
            "direction": "INGRESS",
            "disabled": false,
            "id": "default-allow-ssh",
            "name": "default-allow-ssh",
            "network": "https://www.googleapis.com/compute/v1/projects/nostromo-253518/global/networks/default",
            "priority": 1000,
            "project": "nostromo-253518",
            "self_link": "https://www.googleapis.com/compute/v1/projects/nostromo-253518/global/firewalls/default-allow-ssh",
            "source_ranges": [
              "0.0.0.0/0"
            ],
            "source_service_accounts": null,
            "source_tags": null,
            "target_service_accounts": null,
            "target_tags": null,
            "timeouts": null
          },
          "private": "eyJlMmJmYjczMC1lY2FhLTExZTYtOGY4OC0zNDM2M2JjN2M0YzAiOnsiY3JlYXRlIjoyNDAwMDAwMDAwMDAsImRlbGV0ZSI6MjQwMDAwMDAwMDAwLCJ1cGRhdGUiOjI0MDAwMDAwMDAwMH0sInNjaGVtYV92ZXJzaW9uIjoiMSJ9"
        }
      ]
    },
    {
      "module": "module.app",
      "mode": "managed",
      "type": "google_compute_instance",
      "name": "app",
      "provider": "provider.google",
      "instances": [
        {
          "schema_version": 6,
          "attributes": {
            "allow_stopping_for_update": null,
            "attached_disk": [],
            "boot_disk": [
              {
                "auto_delete": true,
                "device_name": "persistent-disk-0",
                "disk_encryption_key_raw": "",
                "disk_encryption_key_sha256": "",
                "initialize_params": [
                  {
                    "image": "https://www.googleapis.com/compute/v1/projects/nostromo-253518/global/images/reddit-app-base-1570251754",
                    "labels": {},
                    "size": 12,
                    "type": "pd-standard"
                  }
                ],
                "kms_key_self_link": "",
                "mode": "READ_WRITE",
                "source": "https://www.googleapis.com/compute/v1/projects/nostromo-253518/zones/europe-west1-b/disks/reddit-app"
              }
            ],
            "can_ip_forward": false,
            "cpu_platform": "Intel Haswell",
            "deletion_protection": false,
            "description": "",
            "disk": [],
            "guest_accelerator": [],
            "hostname": "",
            "id": "reddit-app",
            "instance_id": "1918600393411340093",
            "label_fingerprint": "42WmSpB8rSM=",
            "labels": null,
            "machine_type": "g1-small",
            "metadata": {
              "ssh-keys": "appuser:ssh-rsa AAAAB3NzaC1yc2EAAAADAQABAAABAQDa9o8dLtgr4iq2jka2TWhgyHsCNKjoaI1sAzO++qymM+pZl2n7Jp6kBZWqQFaU7NO4b5xKASJH8A0buxf+L1kdVHBAaAYJgs1u4KW0gIlzAJers7bv/iSxquHN60eKlQC1CNIYTLxZABQe6oMfxWMaY5zSPA36KNMUWTGwPF7XWB+CWjaPWaJ4WDixbtAiJoLtoeQneMelqmWaZbMpsg5ZVxHeOVJqhX/gL6Q1q+ns41N66nDyoqVqOxBA9BA76Gl+FAzV3GR7rS5oIutzSmiRxvVzQRVRtVgAoaMOvX4sAKTEsTd0bWNR7icWZBc+cgyxhKl9zeFTv8iKOzX4QmXf appuser\n"
            },
            "metadata_fingerprint": "f5KgvfACh1g=",
            "metadata_startup_script": "",
            "min_cpu_platform": "",
            "name": "reddit-app",
            "network_interface": [
              {
                "access_config": [
                  {
                    "assigned_nat_ip": "",
                    "nat_ip": "34.76.104.20",
                    "network_tier": "PREMIUM",
                    "public_ptr_domain_name": ""
                  }
                ],
                "address": "",
                "alias_ip_range": [],
                "name": "nic0",
                "network": "https://www.googleapis.com/compute/v1/projects/nostromo-253518/global/networks/default",
                "network_ip": "10.132.15.221",
                "subnetwork": "https://www.googleapis.com/compute/v1/projects/nostromo-253518/regions/europe-west1/subnetworks/default",
                "subnetwork_project": "nostromo-253518"
              }
            ],
            "project": "nostromo-253518",
            "scheduling": [
              {
                "automatic_restart": true,
                "node_affinities": [],
                "on_host_maintenance": "MIGRATE",
                "preemptible": false
              }
            ],
            "scratch_disk": [],
            "self_link": "https://www.googleapis.com/compute/v1/projects/nostromo-253518/zones/europe-west1-b/instances/reddit-app",
            "service_account": [],
            "shielded_instance_config": [],
            "tags": [
              "reddit-app"
            ],
            "tags_fingerprint": "M-ggixIz-AU=",
            "timeouts": null,
            "zone": "europe-west1-b"
          },
          "private": "eyJlMmJmYjczMC1lY2FhLTExZTYtOGY4OC0zNDM2M2JjN2M0YzAiOnsiY3JlYXRlIjoxMjAwMDAwMDAwMDAwLCJkZWxldGUiOjEyMDAwMDAwMDAwMDAsInVwZGF0ZSI6MTIwMDAwMDAwMDAwMH0sInNjaGVtYV92ZXJzaW9uIjoiNiJ9",
          "depends_on": [
            "google_compute_address.app_ip"
          ]
        }
      ]
    },
    {
      "module": "module.db",
      "mode": "managed",
      "type": "google_compute_instance",
      "name": "db",
      "provider": "provider.google",
      "instances": [
        {
          "schema_version": 6,
          "attributes": {
            "allow_stopping_for_update": null,
            "attached_disk": [],
            "boot_disk": [
              {
                "auto_delete": true,
                "device_name": "persistent-disk-0",
                "disk_encryption_key_raw": "",
                "disk_encryption_key_sha256": "",
                "initialize_params": [
                  {
                    "image": "https://www.googleapis.com/compute/v1/projects/nostromo-253518/global/images/reddit-db-base-1570252017",
                    "labels": {},
                    "size": 12,
                    "type": "pd-standard"
                  }
                ],
                "kms_key_self_link": "",
                "mode": "READ_WRITE",
                "source": "https://www.googleapis.com/compute/v1/projects/nostromo-253518/zones/europe-west1-b/disks/reddit-db"
              }
            ],
            "can_ip_forward": false,
            "cpu_platform": "Intel Haswell",
            "deletion_protection": false,
            "description": "",
            "disk": [],
            "guest_accelerator": [],
            "hostname": "",
            "id": "reddit-db",
            "instance_id": "8011720515988563745",
            "label_fingerprint": "42WmSpB8rSM=",
            "labels": null,
            "machine_type": "g1-small",
            "metadata": {
              "ssh-keys": "appuser:ssh-rsa AAAAB3NzaC1yc2EAAAADAQABAAABAQDa9o8dLtgr4iq2jka2TWhgyHsCNKjoaI1sAzO++qymM+pZl2n7Jp6kBZWqQFaU7NO4b5xKASJH8A0buxf+L1kdVHBAaAYJgs1u4KW0gIlzAJers7bv/iSxquHN60eKlQC1CNIYTLxZABQe6oMfxWMaY5zSPA36KNMUWTGwPF7XWB+CWjaPWaJ4WDixbtAiJoLtoeQneMelqmWaZbMpsg5ZVxHeOVJqhX/gL6Q1q+ns41N66nDyoqVqOxBA9BA76Gl+FAzV3GR7rS5oIutzSmiRxvVzQRVRtVgAoaMOvX4sAKTEsTd0bWNR7icWZBc+cgyxhKl9zeFTv8iKOzX4QmXf appuser\n"
            },
            "metadata_fingerprint": "f5KgvfACh1g=",
            "metadata_startup_script": "",
            "min_cpu_platform": "",
            "name": "reddit-db",
            "network_interface": [
              {
                "access_config": [
                  {
                    "assigned_nat_ip": "",
                    "nat_ip": "104.199.108.48",
                    "network_tier": "PREMIUM",
                    "public_ptr_domain_name": ""
                  }
                ],
                "address": "",
                "alias_ip_range": [],
                "name": "nic0",
                "network": "https://www.googleapis.com/compute/v1/projects/nostromo-253518/global/networks/default",
                "network_ip": "10.132.15.220",
                "subnetwork": "https://www.googleapis.com/compute/v1/projects/nostromo-253518/regions/europe-west1/subnetworks/default",
                "subnetwork_project": "nostromo-253518"
              }
            ],
            "project": "nostromo-253518",
            "scheduling": [
              {
                "automatic_restart": true,
                "node_affinities": [],
                "on_host_maintenance": "MIGRATE",
                "preemptible": false
              }
            ],
            "scratch_disk": [],
            "self_link": "https://www.googleapis.com/compute/v1/projects/nostromo-253518/zones/europe-west1-b/instances/reddit-db",
            "service_account": [],
            "shielded_instance_config": [],
            "tags": [
              "reddit-db"
            ],
            "tags_fingerprint": "NQyRUqL7UTU=",
            "timeouts": null,
            "zone": "europe-west1-b"
          },
          "private": "eyJlMmJmYjczMC1lY2FhLTExZTYtOGY4OC0zNDM2M2JjN2M0YzAiOnsiY3JlYXRlIjoxMjAwMDAwMDAwMDAwLCJkZWxldGUiOjEyMDAwMDAwMDAwMDAsInVwZGF0ZSI6MTIwMDAwMDAwMDAwMH0sInNjaGVtYV92ZXJzaW9uIjoiNiJ9"
        }
      ]
    },
    {
      "module": "module.storage-bucket",
      "mode": "managed",
      "type": "google_storage_bucket",
      "name": "default",
      "each": "list",
      "provider": "provider.google",
      "instances": [
        {
          "index_key": 0,
          "schema_version": 0,
          "attributes": {
            "bucket_policy_only": false,
            "cors": [],
            "encryption": [],
            "force_destroy": false,
            "id": "nostromo-storage-bucket",
            "labels": {
              "attributes": "",
              "environment": "",
              "name": "nostromo-storage-bucket",
              "namespace": "",
              "stage": ""
            },
            "lifecycle_rule": [
              {
                "action": [
                  {
                    "storage_class": "NEARLINE",
                    "type": "SetStorageClass"
                  }
                ],
                "condition": [
                  {
                    "age": 60,
                    "created_before": "",
                    "is_live": false,
                    "matches_storage_class": [
                      "REGIONAL"
                    ],
                    "num_newer_versions": 10,
                    "with_state": "ARCHIVED"
                  }
                ]
              }
            ],
            "location": "EUROPE-WEST1",
            "logging": [],
            "name": "nostromo-storage-bucket",
            "predefined_acl": null,
            "project": "nostromo-253518",
            "requester_pays": false,
            "retention_policy": [],
            "self_link": "https://www.googleapis.com/storage/v1/b/nostromo-storage-bucket",
            "storage_class": "REGIONAL",
            "url": "gs://nostromo-storage-bucket",
            "versioning": [
              {
                "enabled": true
              }
            ],
            "website": []
          },
          "private": "bnVsbA==",
          "depends_on": [
            "module.label"
          ]
        }
      ]
    },
    {
      "module": "module.storage-bucket",
      "mode": "managed",
      "type": "google_storage_bucket_acl",
      "name": "default",
      "each": "list",
      "provider": "provider.google",
      "instances": [
        {
          "index_key": 0,
          "schema_version": 0,
          "attributes": {
            "bucket": "nostromo-storage-bucket",
            "default_acl": "projectPrivate",
            "id": "nostromo-storage-bucket-acl",
            "predefined_acl": null,
            "role_entity": []
          },
          "private": "bnVsbA==",
          "depends_on": [
            "google_storage_bucket.default"
          ]
        }
      ]
    }
  ]
}
