{
  "version": 4,
  "terraform_version": "0.12.9",
  "serial": 192,
  "lineage": "f0954c9e-7aa4-5dc0-aeaf-6a586e44f708",
  "outputs": {
    "lb_external_ip": {
      "value": "104.199.27.129",
      "type": "string"
    }
  },
  "resources": [
    {
      "mode": "managed",
      "type": "google_compute_firewall",
      "name": "firewall_puma",
      "provider": "provider.google",
      "instances": [
        {
          "schema_version": 1,
          "attributes": {
            "allow": [
              {
                "ports": [
                  "9292"
                ],
                "protocol": "tcp"
              }
            ],
            "creation_timestamp": "2019-10-02T13:38:00.341-07:00",
            "deny": [],
            "description": "",
            "destination_ranges": [],
            "direction": "INGRESS",
            "disabled": false,
            "id": "allow-puma-default",
            "name": "allow-puma-default",
            "network": "https://www.googleapis.com/compute/v1/projects/nostromo-253518/global/networks/default",
            "priority": 1000,
            "project": "nostromo-253518",
            "self_link": "https://www.googleapis.com/compute/v1/projects/nostromo-253518/global/firewalls/allow-puma-default",
            "source_ranges": [
              "0.0.0.0/0"
            ],
            "source_service_accounts": [],
            "source_tags": [],
            "target_service_accounts": [],
            "target_tags": [
              "reddit-app"
            ],
            "timeouts": null
          },
          "private": "eyJlMmJmYjczMC1lY2FhLTExZTYtOGY4OC0zNDM2M2JjN2M0YzAiOnsiY3JlYXRlIjoyNDAwMDAwMDAwMDAsImRlbGV0ZSI6MjQwMDAwMDAwMDAwLCJ1cGRhdGUiOjI0MDAwMDAwMDAwMH0sInNjaGVtYV92ZXJzaW9uIjoiMSJ9"
        }
      ]
    },
    {
      "mode": "managed",
      "type": "google_compute_forwarding_rule",
      "name": "gcp_fr",
      "provider": "provider.google",
      "instances": [
        {
          "schema_version": 0,
          "attributes": {
            "all_ports": false,
            "backend_service": "",
            "creation_timestamp": "2019-10-02T13:45:30.265-07:00",
            "description": "",
            "id": "forwarding-rule-europe-west1",
            "ip_address": "104.199.27.129",
            "ip_protocol": "TCP",
            "ip_version": "",
            "load_balancing_scheme": "EXTERNAL",
            "name": "forwarding-rule-europe-west1",
            "network": "",
            "network_tier": "PREMIUM",
            "port_range": "9292-9292",
            "ports": null,
            "project": "nostromo-253518",
            "region": "europe-west1",
            "self_link": "https://www.googleapis.com/compute/v1/projects/nostromo-253518/regions/europe-west1/forwardingRules/forwarding-rule-europe-west1",
            "service_label": "",
            "service_name": "",
            "subnetwork": "",
            "target": "https://www.googleapis.com/compute/v1/projects/nostromo-253518/regions/europe-west1/targetPools/reddit-app-pool",
            "timeouts": null
          },
          "private": "eyJlMmJmYjczMC1lY2FhLTExZTYtOGY4OC0zNDM2M2JjN2M0YzAiOnsiY3JlYXRlIjoyNDAwMDAwMDAwMDAsImRlbGV0ZSI6MjQwMDAwMDAwMDAwLCJ1cGRhdGUiOjI0MDAwMDAwMDAwMH19",
          "depends_on": [
            "google_compute_target_pool.inst_pool"
          ]
        }
      ]
    },
    {
      "mode": "managed",
      "type": "google_compute_http_health_check",
      "name": "gcp_health_check",
      "provider": "provider.google",
      "instances": [
        {
          "schema_version": 0,
          "attributes": {
            "check_interval_sec": 2,
            "creation_timestamp": "2019-10-02T13:38:00.209-07:00",
            "description": "",
            "healthy_threshold": 2,
            "host": "",
            "id": "health-check",
            "name": "health-check",
            "port": 80,
            "project": "nostromo-253518",
            "request_path": "/",
            "self_link": "https://www.googleapis.com/compute/v1/projects/nostromo-253518/global/httpHealthChecks/health-check",
            "timeout_sec": 2,
            "timeouts": null,
            "unhealthy_threshold": 2
          },
          "private": "eyJlMmJmYjczMC1lY2FhLTExZTYtOGY4OC0zNDM2M2JjN2M0YzAiOnsiY3JlYXRlIjoyNDAwMDAwMDAwMDAsImRlbGV0ZSI6MjQwMDAwMDAwMDAwLCJ1cGRhdGUiOjI0MDAwMDAwMDAwMH19"
        }
      ]
    },
    {
      "mode": "managed",
      "type": "google_compute_instance",
      "name": "app",
      "each": "list",
      "provider": "provider.google",
      "instances": [
        {
          "index_key": 0,
          "schema_version": 6,
          "attributes": {
            "allow_stopping_for_update": null,
            "attached_disk": [],
            "boot_disk": [
              {
                "auto_delete": true,
                "device_name": "persistent-disk-0",
                "disk_encryption_key_raw": "",
                "disk_encryption_key_sha256": "",
                "initialize_params": [
                  {
                    "image": "https://www.googleapis.com/compute/v1/projects/nostromo-253518/global/images/reddit-base-1569777902",
                    "labels": {},
                    "size": 12,
                    "type": "pd-standard"
                  }
                ],
                "kms_key_self_link": "",
                "mode": "READ_WRITE",
                "source": "https://www.googleapis.com/compute/v1/projects/nostromo-253518/zones/europe-west1-b/disks/reddit-app-0"
              }
            ],
            "can_ip_forward": false,
            "cpu_platform": "Intel Haswell",
            "deletion_protection": false,
            "description": "",
            "disk": [],
            "guest_accelerator": [],
            "hostname": "",
            "id": "reddit-app-0",
            "instance_id": "5287009537037481031",
            "label_fingerprint": "42WmSpB8rSM=",
            "labels": {},
            "machine_type": "g1-small",
            "metadata": {
              "ssh-keys": "appuser:ssh-rsa AAAAB3NzaC1yc2EAAAADAQABAAABAQDa9o8dLtgr4iq2jka2TWhgyHsCNKjoaI1sAzO++qymM+pZl2n7Jp6kBZWqQFaU7NO4b5xKASJH8A0buxf+L1kdVHBAaAYJgs1u4KW0gIlzAJers7bv/iSxquHN60eKlQC1CNIYTLxZABQe6oMfxWMaY5zSPA36KNMUWTGwPF7XWB+CWjaPWaJ4WDixbtAiJoLtoeQneMelqmWaZbMpsg5ZVxHeOVJqhX/gL6Q1q+ns41N66nDyoqVqOxBA9BA76Gl+FAzV3GR7rS5oIutzSmiRxvVzQRVRtVgAoaMOvX4sAKTEsTd0bWNR7icWZBc+cgyxhKl9zeFTv8iKOzX4QmXf appuser\n"
            },
            "metadata_fingerprint": "f5KgvfACh1g=",
            "metadata_startup_script": "",
            "min_cpu_platform": "",
            "name": "reddit-app-0",
            "network_interface": [
              {
                "access_config": [
                  {
                    "assigned_nat_ip": "",
                    "nat_ip": "",
                    "network_tier": "PREMIUM",
                    "public_ptr_domain_name": ""
                  }
                ],
                "address": "",
                "alias_ip_range": [],
                "name": "nic0",
                "network": "https://www.googleapis.com/compute/v1/projects/nostromo-253518/global/networks/default",
                "network_ip": "10.132.15.199",
                "subnetwork": "https://www.googleapis.com/compute/v1/projects/nostromo-253518/regions/europe-west1/subnetworks/default",
                "subnetwork_project": "nostromo-253518"
              }
            ],
            "project": "nostromo-253518",
            "scheduling": [
              {
                "automatic_restart": true,
                "node_affinities": [],
                "on_host_maintenance": "MIGRATE",
                "preemptible": false
              }
            ],
            "scratch_disk": [],
            "self_link": "https://www.googleapis.com/compute/v1/projects/nostromo-253518/zones/europe-west1-b/instances/reddit-app-0",
            "service_account": [],
            "shielded_instance_config": [],
            "tags": [
              "reddit-app"
            ],
            "tags_fingerprint": "M-ggixIz-AU=",
            "timeouts": null,
            "zone": "europe-west1-b"
          },
          "private": "eyJlMmJmYjczMC1lY2FhLTExZTYtOGY4OC0zNDM2M2JjN2M0YzAiOnsiY3JlYXRlIjoxMjAwMDAwMDAwMDAwLCJkZWxldGUiOjEyMDAwMDAwMDAwMDAsInVwZGF0ZSI6MTIwMDAwMDAwMDAwMH0sInNjaGVtYV92ZXJzaW9uIjoiNiJ9"
        },
        {
          "index_key": 1,
          "schema_version": 6,
          "attributes": {
            "allow_stopping_for_update": null,
            "attached_disk": [],
            "boot_disk": [
              {
                "auto_delete": true,
                "device_name": "persistent-disk-0",
                "disk_encryption_key_raw": "",
                "disk_encryption_key_sha256": "",
                "initialize_params": [
                  {
                    "image": "https://www.googleapis.com/compute/v1/projects/nostromo-253518/global/images/reddit-base-1569777902",
                    "labels": {},
                    "size": 12,
                    "type": "pd-standard"
                  }
                ],
                "kms_key_self_link": "",
                "mode": "READ_WRITE",
                "source": "https://www.googleapis.com/compute/v1/projects/nostromo-253518/zones/europe-west1-b/disks/reddit-app-1"
              }
            ],
            "can_ip_forward": false,
            "cpu_platform": "Intel Haswell",
            "deletion_protection": false,
            "description": "",
            "disk": [],
            "guest_accelerator": [],
            "hostname": "",
            "id": "reddit-app-1",
            "instance_id": "8116527785414538311",
            "label_fingerprint": "42WmSpB8rSM=",
            "labels": {},
            "machine_type": "g1-small",
            "metadata": {
              "ssh-keys": "appuser:ssh-rsa AAAAB3NzaC1yc2EAAAADAQABAAABAQDa9o8dLtgr4iq2jka2TWhgyHsCNKjoaI1sAzO++qymM+pZl2n7Jp6kBZWqQFaU7NO4b5xKASJH8A0buxf+L1kdVHBAaAYJgs1u4KW0gIlzAJers7bv/iSxquHN60eKlQC1CNIYTLxZABQe6oMfxWMaY5zSPA36KNMUWTGwPF7XWB+CWjaPWaJ4WDixbtAiJoLtoeQneMelqmWaZbMpsg5ZVxHeOVJqhX/gL6Q1q+ns41N66nDyoqVqOxBA9BA76Gl+FAzV3GR7rS5oIutzSmiRxvVzQRVRtVgAoaMOvX4sAKTEsTd0bWNR7icWZBc+cgyxhKl9zeFTv8iKOzX4QmXf appuser\n"
            },
            "metadata_fingerprint": "f5KgvfACh1g=",
            "metadata_startup_script": "",
            "min_cpu_platform": "",
            "name": "reddit-app-1",
            "network_interface": [
              {
                "access_config": [
                  {
                    "assigned_nat_ip": "",
                    "nat_ip": "34.77.63.37",
                    "network_tier": "PREMIUM",
                    "public_ptr_domain_name": ""
                  }
                ],
                "address": "",
                "alias_ip_range": [],
                "name": "nic0",
                "network": "https://www.googleapis.com/compute/v1/projects/nostromo-253518/global/networks/default",
                "network_ip": "10.132.15.198",
                "subnetwork": "https://www.googleapis.com/compute/v1/projects/nostromo-253518/regions/europe-west1/subnetworks/default",
                "subnetwork_project": "nostromo-253518"
              }
            ],
            "project": "nostromo-253518",
            "scheduling": [
              {
                "automatic_restart": true,
                "node_affinities": [],
                "on_host_maintenance": "MIGRATE",
                "preemptible": false
              }
            ],
            "scratch_disk": [],
            "self_link": "https://www.googleapis.com/compute/v1/projects/nostromo-253518/zones/europe-west1-b/instances/reddit-app-1",
            "service_account": [],
            "shielded_instance_config": [],
            "tags": [
              "reddit-app"
            ],
            "tags_fingerprint": "M-ggixIz-AU=",
            "timeouts": null,
            "zone": "europe-west1-b"
          },
          "private": "eyJlMmJmYjczMC1lY2FhLTExZTYtOGY4OC0zNDM2M2JjN2M0YzAiOnsiY3JlYXRlIjoxMjAwMDAwMDAwMDAwLCJkZWxldGUiOjEyMDAwMDAwMDAwMDAsInVwZGF0ZSI6MTIwMDAwMDAwMDAwMH0sInNjaGVtYV92ZXJzaW9uIjoiNiJ9"
        }
      ]
    },
    {
      "mode": "managed",
      "type": "google_compute_project_metadata",
      "name": "ssh_accounts",
      "provider": "provider.google",
      "instances": [
        {
          "schema_version": 0,
          "attributes": {
            "id": "nostromo-253518",
            "metadata": {
              "ssh-keys": "  appuser1:ssh-rsa AAAAB3NzaC1yc2EAAAADAQABAAABAQDa9o8dLtgr4iq2jka2TWhgyHsCNKjoaI1sAzO++qymM+pZl2n7Jp6kBZWqQFaU7NO4b5xKASJH8A0buxf+L1kdVHBAaAYJgs1u4KW0gIlzAJers7bv/iSxquHN60eKlQC1CNIYTLxZABQe6oMfxWMaY5zSPA36KNMUWTGwPF7XWB+CWjaPWaJ4WDixbtAiJoLtoeQneMelqmWaZbMpsg5ZVxHeOVJqhX/gL6Q1q+ns41N66nDyoqVqOxBA9BA76Gl+FAzV3GR7rS5oIutzSmiRxvVzQRVRtVgAoaMOvX4sAKTEsTd0bWNR7icWZBc+cgyxhKl9zeFTv8iKOzX4QmXf appuser\n appuser2:ssh-rsa AAAAB3NzaC1yc2EAAAADAQABAAABAQDa9o8dLtgr4iq2jka2TWhgyHsCNKjoaI1sAzO++qymM+pZl2n7Jp6kBZWqQFaU7NO4b5xKASJH8A0buxf+L1kdVHBAaAYJgs1u4KW0gIlzAJers7bv/iSxquHN60eKlQC1CNIYTLxZABQe6oMfxWMaY5zSPA36KNMUWTGwPF7XWB+CWjaPWaJ4WDixbtAiJoLtoeQneMelqmWaZbMpsg5ZVxHeOVJqhX/gL6Q1q+ns41N66nDyoqVqOxBA9BA76Gl+FAzV3GR7rS5oIutzSmiRxvVzQRVRtVgAoaMOvX4sAKTEsTd0bWNR7icWZBc+cgyxhKl9zeFTv8iKOzX4QmXf appuser\n appuser_web:ssh-rsa AAAAB3NzaC1yc2EAAAADAQABAAABAQDYBfOJh7Nuo4/uZ6VguH5tyFzgPKp75A9Ur4vAgDyGgZnQbbOzsbFcos8ZbAl8k9Y1asC9oRd/loCERohXhYvmNVBdMuSrQ9GwBJHEer3/zZFggsMJ//MpqDGCrLZ2Nil9yLtUKVXwTTs4YkgdOWuxATAywN0RVe8du1s7JhsNDWJThhV0PbBuE0WS9BAIucZj995gaQ1j6tSJbe5tU6tnSh8Q++j47GsWMp8BriJ6qiLz5T2cF2Sl5vnHOXB26l7nIBT+KM5TQcpH/EyWuAuQfX15vFWpkv0FiL5P0MC8mXFJrxa1UfhX8gxvsF+aRjMzhsBq5O6hlpUT/txd2gHH appuser_web\n\n"
            },
            "project": "nostromo-253518"
          },
          "private": "bnVsbA=="
        }
      ]
    },
    {
      "mode": "managed",
      "type": "google_compute_target_pool",
      "name": "inst_pool",
      "provider": "provider.google",
      "instances": [
        {
          "schema_version": 0,
          "attributes": {
            "backup_pool": "",
            "description": "",
            "failover_ratio": 0,
            "health_checks": [
              "https://www.googleapis.com/compute/v1/projects/nostromo-253518/global/httpHealthChecks/health-check"
            ],
            "id": "reddit-app-pool",
            "instances": [
              "europe-west1-b/reddit-app-0",
              "europe-west1-b/reddit-app-1"
            ],
            "name": "reddit-app-pool",
            "project": "nostromo-253518",
            "region": "europe-west1",
            "self_link": "https://www.googleapis.com/compute/v1/projects/nostromo-253518/regions/europe-west1/targetPools/reddit-app-pool",
            "session_affinity": "NONE"
          },
          "private": "bnVsbA==",
          "depends_on": [
            "google_compute_http_health_check.gcp_health_check",
            "google_compute_instance.app"
          ]
        }
      ]
    }
  ]
}
